{
  "name": "executable-markdown-agents",
  "version": "0.1.0",
  "lockfileVersion": 3,
  "requires": true,
  "packages": {
    "": {
      "name": "executable-markdown-agents",
      "version": "0.1.0",
      "dependencies": {
        "@effectionx/converge": "^0.1.3",
        "@effectionx/durable-effects": "https://pkg.pr.new/thefrontside/effectionx/@effectionx/durable-effects@180",
        "@effectionx/durable-streams": "https://pkg.pr.new/thefrontside/effectionx/@effectionx/durable-streams@179",
        "@effectionx/middleware": "0.1.0",
        "@effectionx/node": "^0.2.2",
        "@effectionx/process": "^0.7.3",
        "@effectionx/scope-eval": "^0.1.2",
        "@effectionx/timebox": "^0.4.2",
        "acorn": "^8.16.0",
        "effection": "4.1.0-alpha.7",
        "gray-matter": "^4.0.3",
        "magic-string": "^0.30.21",
        "remend": "^1.2.2"
      },
      "devDependencies": {
        "@effectionx/bdd": "^0.5.1",
        "@std/expect": "npm:@jsr/std__expect@^1.0.18",
        "@types/node": "^22.0.0",
        "oxlint": "^1.51.0",
        "typescript": "^5.7.0"
      }
    },
    "node_modules/@durable-streams/client": {
      "version": "0.2.2",
      "resolved": "https://registry.npmjs.org/@durable-streams/client/-/client-0.2.2.tgz",
      "integrity": "sha512-zmr9ErxJP1ORljnog4kclWmEJGoTpGN+Mu8FJLVEgcaR9PqTeyKtadq1l1H+DhrPsfAPeG6BF/mEJs4HyI+Eig==",
      "license": "Apache-2.0",
      "dependencies": {
        "@microsoft/fetch-event-source": "^2.0.1",
        "fastq": "^1.19.1"
      },
      "bin": {
        "intent": "bin/intent.js"
      },
      "engines": {
        "node": ">=18.0.0"
      }
    },
    "node_modules/@effectionx/bdd": {
      "version": "0.5.1",
      "resolved": "https://registry.npmjs.org/@effectionx/bdd/-/bdd-0.5.1.tgz",
      "integrity": "sha512-VY4CGDWRiCyfWrMf/9SE+nIGuH/U+XKg8vJF2vI5hPpCnf1jSIz3dP+38TYBz3+ekzz8fBHSM1hKgwPqsmXTrA==",
      "dev": true,
      "license": "MIT",
      "dependencies": {
        "@effectionx/test-adapter": "0.7.3"
      },
      "engines": {
        "node": ">= 22"
      },
      "peerDependencies": {
        "effection": "^3 || ^4"
      }
    },
    "node_modules/@effectionx/converge": {
      "version": "0.1.3",
      "resolved": "https://registry.npmjs.org/@effectionx/converge/-/converge-0.1.3.tgz",
      "integrity": "sha512-LPuDslL53kA8etLgO/sMmqv9v66txOAO5d6DUWLnwZa6CwA2MTYkHEnZAoIGCnQYbjKTbPxlKatHgF15ihB4zA==",
      "license": "MIT",
      "dependencies": {
        "@effectionx/timebox": "0.4.2"
      },
      "engines": {
        "node": ">= 22"
      },
      "peerDependencies": {
        "effection": "^3 || ^4"
      }
    },
    "node_modules/@effectionx/durable-effects": {
      "version": "0.1.0",
      "resolved": "https://pkg.pr.new/thefrontside/effectionx/@effectionx/durable-effects@180",
      "integrity": "sha512-uUeChn6DAQ/GMpYAkdJX7BcvBWGdrlVMbwlD480+zTmRCLh+HIagBtgjKK1yvRmL5NIouAoM0Ks8NcAmyNPh5g==",
      "license": "MIT",
      "dependencies": {
        "@effectionx/durable-streams": "0.1.0",
        "@effectionx/fetch": "0.1.2",
        "@effectionx/fs": "0.2.2",
        "@effectionx/process": "0.7.3"
      },
      "engines": {
        "node": ">= 22"
      },
      "peerDependencies": {
        "effection": "^3 || ^4"
      }
    },
    "node_modules/@effectionx/durable-streams": {
      "version": "0.1.0",
      "resolved": "https://pkg.pr.new/thefrontside/effectionx/@effectionx/durable-streams@179",
      "integrity": "sha512-hMTw25IMV3zFCrDO5gWKKHQrLCJJ4ii9h5DKB5On9cnv0STFygP64lM4JXy9Da+dUtqOvyznQ4brARe6UhrhSg==",
      "license": "MIT",
      "dependencies": {
        "@durable-streams/client": "^0.2.1"
      },
      "engines": {
        "node": ">= 22"
      },
      "peerDependencies": {
        "effection": "^3 || ^4"
      }
    },
    "node_modules/@effectionx/fetch": {
      "version": "0.1.2",
      "resolved": "https://registry.npmjs.org/@effectionx/fetch/-/fetch-0.1.2.tgz",
      "integrity": "sha512-CzoWkuulsEbROkYziCL58JYrUxLB+W1ALj1mCc3jwcX2Tt5OY2Aag06ofg8pEoXEQV/a9+05qQAi5Sq8uT07Sw==",
      "license": "MIT",
      "engines": {
        "node": ">= 22"
      },
      "peerDependencies": {
        "effection": "^3 || ^4"
      }
    },
    "node_modules/@effectionx/fs": {
      "version": "0.2.2",
      "resolved": "https://registry.npmjs.org/@effectionx/fs/-/fs-0.2.2.tgz",
      "integrity": "sha512-aTT7Rbl8r0/0EgX+qT36gvfJnzAfjQ/+sROPhV2Ms4VcPONqwbunClWwX7B6m0jCHsER/gg4E45s60h6yatVFw==",
      "license": "MIT",
      "engines": {
        "node": ">= 22"
      },
      "peerDependencies": {
        "effection": "^3 || ^4"
      }
    },
    "node_modules/@effectionx/middleware": {
      "version": "0.1.0",
      "resolved": "https://registry.npmjs.org/@effectionx/middleware/-/middleware-0.1.0.tgz",
      "integrity": "sha512-xPpQIf1PQaox+H/e/yxZtop4kLxQkrEb8BUtmqcnmzVVbV8iJLNQeRzuSEAWQLAnVu8xa5SjGzLpb5UGYTLYgg==",
      "license": "MIT",
      "engines": {
        "node": ">= 22"
      }
    },
    "node_modules/@effectionx/node": {
      "version": "0.2.2",
      "resolved": "https://registry.npmjs.org/@effectionx/node/-/node-0.2.2.tgz",
      "integrity": "sha512-bUwnCqzBsVERGzKZRTc6XMZ6yDLkRPgcxSvM6eAkuc2D5A7L0+nSu4J/x60y6geSYrAVv2UZBgAktukNtB6LxA==",
      "license": "MIT",
      "engines": {
        "node": ">= 22"
      },
      "peerDependencies": {
        "effection": "^3 || ^4"
      }
    },
    "node_modules/@effectionx/process": {
      "version": "0.7.3",
      "resolved": "https://registry.npmjs.org/@effectionx/process/-/process-0.7.3.tgz",
      "integrity": "sha512-ic+cv9aNeq0UgF+SO61jd8nYLiF3jFT2c6n+nOYstc4pmtUez70yFb0H5Rzppu21wql5QYCbQayVrRRUa5YRQQ==",
      "license": "MIT",
      "dependencies": {
        "@effectionx/node": "0.2.2",
        "cross-spawn": "^7",
        "ctrlc-windows": "^2",
        "shellwords-ts": "^3.0.1"
      },
      "engines": {
        "node": ">= 22"
      },
      "peerDependencies": {
        "effection": "^3 || ^4"
      }
    },
    "node_modules/@effectionx/scope-eval": {
      "version": "0.1.2",
      "resolved": "https://registry.npmjs.org/@effectionx/scope-eval/-/scope-eval-0.1.2.tgz",
      "integrity": "sha512-Jcy0vGdD3/8EGKf4FSICOKfJkjg3VnrxhM21pdum26du/odZ0ytX66/UcyvRW3b88E8HxsFPL1e6+7QRcJliDg==",
      "license": "MIT",
      "engines": {
        "node": ">= 22"
      },
      "peerDependencies": {
        "effection": "^3 || ^4"
      }
    },
    "node_modules/@effectionx/test-adapter": {
      "version": "0.7.3",
      "resolved": "https://registry.npmjs.org/@effectionx/test-adapter/-/test-adapter-0.7.3.tgz",
      "integrity": "sha512-OgGzsIhBN8XYsFDAETbeGqwwrW2sNdQukxHRNNngjJE0G6LiKkwDrXs8ANGzarPihoE02YANVMbyWAruBuUnYg==",
      "dev": true,
      "license": "MIT",
      "engines": {
        "node": ">= 22"
      },
      "peerDependencies": {
        "effection": "^3 || ^4"
      }
    },
    "node_modules/@effectionx/timebox": {
      "version": "0.4.2",
      "resolved": "https://registry.npmjs.org/@effectionx/timebox/-/timebox-0.4.2.tgz",
      "integrity": "sha512-CT1XCCXmYgxFjIJmz0kzBbDG0W1Jc/i8l4r2Hecu+gYXp22DW8bAkVPKYIDdR4acAC1flqevlWA8xWaNBUfb6w==",
      "license": "MIT",
      "engines": {
        "node": ">= 22"
      },
      "peerDependencies": {
        "effection": "^3 || ^4"
      }
    },
    "node_modules/@jridgewell/sourcemap-codec": {
      "version": "1.5.5",
      "resolved": "https://registry.npmjs.org/@jridgewell/sourcemap-codec/-/sourcemap-codec-1.5.5.tgz",
      "integrity": "sha512-cYQ9310grqxueWbl+WuIUIaiUaDcj7WOq5fVhEljNVgRfOUhY9fy2zTvfoqWsnebh8Sl70VScFbICvJnLKB0Og==",
      "license": "MIT"
    },
    "node_modules/@jsr/std__assert": {
      "version": "1.0.19",
      "resolved": "https://npm.jsr.io/~/11/@jsr/std__assert/1.0.19.tgz",
      "integrity": "sha512-pEj6RPkGbqlgRmyKwATp4cUs6+ijxtdrv3bq8v1d2I2CEcMEyPaO8cVKro61wGRDH4cNg8Zx6haztvK/9m7gkA==",
      "dev": true,
      "dependencies": {
        "@jsr/std__internal": "^1.0.12"
      }
    },
    "node_modules/@jsr/std__internal": {
      "version": "1.0.12",
      "resolved": "https://npm.jsr.io/~/11/@jsr/std__internal/1.0.12.tgz",
      "integrity": "sha512-6xReMW9p+paJgqoFRpOE2nogJFvzPfaLHLIlyADYjKMUcwDyjKZxryIbgcU+gxiTygn8yCjld1HoI0ET4/iZeA==",
      "dev": true
    },
    "node_modules/@jsr/std__path": {
      "version": "1.1.4",
      "resolved": "https://npm.jsr.io/~/11/@jsr/std__path/1.1.4.tgz",
      "integrity": "sha512-SK4u9H6NVTfolhPdlvdYXfNFefy1W04AEHWJydryYbk+xqzNiVmr5o7TLJLJFqwHXuwMRhwrn+mcYeUfS0YFaA==",
      "dev": true,
      "dependencies": {
        "@jsr/std__internal": "^1.0.12"
      }
    },
    "node_modules/@microsoft/fetch-event-source": {
      "version": "2.0.1",
      "resolved": "https://registry.npmjs.org/@microsoft/fetch-event-source/-/fetch-event-source-2.0.1.tgz",
      "integrity": "sha512-W6CLUJ2eBMw3Rec70qrsEW0jOm/3twwJv21mrmj2yORiaVmVYGS4sSS5yUwvQc1ZlDLYGPnClVWmUUMagKNsfA==",
      "license": "MIT"
    },
    "node_modules/@oxlint/binding-android-arm-eabi": {
      "version": "1.51.0",
      "resolved": "https://registry.npmjs.org/@oxlint/binding-android-arm-eabi/-/binding-android-arm-eabi-1.51.0.tgz",
      "integrity": "sha512-jJYIqbx4sX+suIxWstc4P7SzhEwb4ArWA2KVrmEuu9vH2i0qM6QIHz/ehmbGE4/2fZbpuMuBzTl7UkfNoqiSgw==",
      "cpu": [
        "arm"
      ],
      "dev": true,
      "license": "MIT",
      "optional": true,
      "os": [
        "android"
      ],
      "engines": {
        "node": "^20.19.0 || >=22.12.0"
      }
    },
    "node_modules/@oxlint/binding-android-arm64": {
      "version": "1.51.0",
      "resolved": "https://registry.npmjs.org/@oxlint/binding-android-arm64/-/binding-android-arm64-1.51.0.tgz",
      "integrity": "sha512-GtXyBCcH4ti98YdiMNCrpBNGitx87EjEWxevnyhcBK12k/Vu4EzSB45rzSC4fGFUD6sQgeaxItRCEEWeVwPafw==",
      "cpu": [
        "arm64"
      ],
      "dev": true,
      "license": "MIT",
      "optional": true,
      "os": [
        "android"
      ],
      "engines": {
        "node": "^20.19.0 || >=22.12.0"
      }
    },
    "node_modules/@oxlint/binding-darwin-arm64": {
      "version": "1.51.0",
      "resolved": "https://registry.npmjs.org/@oxlint/binding-darwin-arm64/-/binding-darwin-arm64-1.51.0.tgz",
      "integrity": "sha512-3QJbeYaMHn6Bh2XeBXuITSsbnIctyTjvHf5nRjKYrT9pPeErNIpp5VDEeAXC0CZSwSVTsc8WOSDwgrAI24JolQ==",
      "cpu": [
        "arm64"
      ],
      "dev": true,
      "license": "MIT",
      "optional": true,
      "os": [
        "darwin"
      ],
      "engines": {
        "node": "^20.19.0 || >=22.12.0"
      }
    },
    "node_modules/@oxlint/binding-darwin-x64": {
      "version": "1.51.0",
      "resolved": "https://registry.npmjs.org/@oxlint/binding-darwin-x64/-/binding-darwin-x64-1.51.0.tgz",
      "integrity": "sha512-NzErhMaTEN1cY0E8C5APy74lw5VwsNfJfVPBMWPVQLqAbO0k4FFLjvHURvkUL+Y18Wu+8Vs1kbqPh2hjXYA4pg==",
      "cpu": [
        "x64"
      ],
      "dev": true,
      "license": "MIT",
      "optional": true,
      "os": [
        "darwin"
      ],
      "engines": {
        "node": "^20.19.0 || >=22.12.0"
      }
    },
    "node_modules/@oxlint/binding-freebsd-x64": {
      "version": "1.51.0",
      "resolved": "https://registry.npmjs.org/@oxlint/binding-freebsd-x64/-/binding-freebsd-x64-1.51.0.tgz",
      "integrity": "sha512-msAIh3vPAoKoHlOE/oe6Q5C/n9umypv/k81lED82ibrJotn+3YG2Qp1kiR8o/Dg5iOEU97c6tl0utxcyFenpFw==",
      "cpu": [
        "x64"
      ],
      "dev": true,
      "license": "MIT",
      "optional": true,
      "os": [
        "freebsd"
      ],
      "engines": {
        "node": "^20.19.0 || >=22.12.0"
      }
    },
    "node_modules/@oxlint/binding-linux-arm-gnueabihf": {
      "version": "1.51.0",
      "resolved": "https://registry.npmjs.org/@oxlint/binding-linux-arm-gnueabihf/-/binding-linux-arm-gnueabihf-1.51.0.tgz",
      "integrity": "sha512-CqQPcvqYyMe9ZBot2stjGogEzk1z8gGAngIX7srSzrzexmXixwVxBdFZyxTVM0CjGfDeV+Ru0w25/WNjlMM2Hw==",
      "cpu": [
        "arm"
      ],
      "dev": true,
      "license": "MIT",
      "optional": true,
      "os": [
        "linux"
      ],
      "engines": {
        "node": "^20.19.0 || >=22.12.0"
      }
    },
    "node_modules/@oxlint/binding-linux-arm-musleabihf": {
      "version": "1.51.0",
      "resolved": "https://registry.npmjs.org/@oxlint/binding-linux-arm-musleabihf/-/binding-linux-arm-musleabihf-1.51.0.tgz",
      "integrity": "sha512-dstrlYQgZMnyOssxSbolGCge/sDbko12N/35RBNuqLpoPbft2aeBidBAb0dvQlyBd9RJ6u8D4o4Eh8Un6iTgyQ==",
      "cpu": [
        "arm"
      ],
      "dev": true,
      "license": "MIT",
      "optional": true,
      "os": [
        "linux"
      ],
      "engines": {
        "node": "^20.19.0 || >=22.12.0"
      }
    },
    "node_modules/@oxlint/binding-linux-arm64-gnu": {
      "version": "1.51.0",
      "resolved": "https://registry.npmjs.org/@oxlint/binding-linux-arm64-gnu/-/binding-linux-arm64-gnu-1.51.0.tgz",
      "integrity": "sha512-QEjUpXO7d35rP1/raLGGbAsBLLGZIzV3ZbeSjqWlD3oRnxpRIZ6iL4o51XQHkconn3uKssc+1VKdtHJ81BBhDA==",
      "cpu": [
        "arm64"
      ],
      "dev": true,
      "license": "MIT",
      "optional": true,
      "os": [
        "linux"
      ],
      "engines": {
        "node": "^20.19.0 || >=22.12.0"
      }
    },
    "node_modules/@oxlint/binding-linux-arm64-musl": {
      "version": "1.51.0",
      "resolved": "https://registry.npmjs.org/@oxlint/binding-linux-arm64-musl/-/binding-linux-arm64-musl-1.51.0.tgz",
      "integrity": "sha512-YSJua5irtG4DoMAjUapDTPhkQLHhBIY0G9JqlZS6/SZPzqDkPku/1GdWs0D6h/wyx0Iz31lNCfIaWKBQhzP0wQ==",
      "cpu": [
        "arm64"
      ],
      "dev": true,
      "license": "MIT",
      "optional": true,
      "os": [
        "linux"
      ],
      "engines": {
        "node": "^20.19.0 || >=22.12.0"
      }
    },
    "node_modules/@oxlint/binding-linux-ppc64-gnu": {
      "version": "1.51.0",
      "resolved": "https://registry.npmjs.org/@oxlint/binding-linux-ppc64-gnu/-/binding-linux-ppc64-gnu-1.51.0.tgz",
      "integrity": "sha512-7L4Wj2IEUNDETKssB9IDYt16T6WlF+X2jgC/hBq3diGHda9vJLpAgb09+D3quFq7TdkFtI7hwz/jmuQmQFPc1Q==",
      "cpu": [
        "ppc64"
      ],
      "dev": true,
      "license": "MIT",
      "optional": true,
      "os": [
        "linux"
      ],
      "engines": {
        "node": "^20.19.0 || >=22.12.0"
      }
    },
    "node_modules/@oxlint/binding-linux-riscv64-gnu": {
      "version": "1.51.0",
      "resolved": "https://registry.npmjs.org/@oxlint/binding-linux-riscv64-gnu/-/binding-linux-riscv64-gnu-1.51.0.tgz",
      "integrity": "sha512-cBUHqtOXy76G41lOB401qpFoKx1xq17qYkhWrLSM7eEjiHM9sOtYqpr6ZdqCnN9s6ZpzudX4EkeHOFH2E9q0vA==",
      "cpu": [
        "riscv64"
      ],
      "dev": true,
      "license": "MIT",
      "optional": true,
      "os": [
        "linux"
      ],
      "engines": {
        "node": "^20.19.0 || >=22.12.0"
      }
    },
    "node_modules/@oxlint/binding-linux-riscv64-musl": {
      "version": "1.51.0",
      "resolved": "https://registry.npmjs.org/@oxlint/binding-linux-riscv64-musl/-/binding-linux-riscv64-musl-1.51.0.tgz",
      "integrity": "sha512-WKbg8CysgZcHfZX0ixQFBRSBvFZUHa3SBnEjHY2FVYt2nbNJEjzTxA3ZR5wMU0NOCNKIAFUFvAh5/XJKPRJuJg==",
      "cpu": [
        "riscv64"
      ],
      "dev": true,
      "license": "MIT",
      "optional": true,
      "os": [
        "linux"
      ],
      "engines": {
        "node": "^20.19.0 || >=22.12.0"
      }
    },
    "node_modules/@oxlint/binding-linux-s390x-gnu": {
      "version": "1.51.0",
      "resolved": "https://registry.npmjs.org/@oxlint/binding-linux-s390x-gnu/-/binding-linux-s390x-gnu-1.51.0.tgz",
      "integrity": "sha512-N1QRUvJTxqXNSu35YOufdjsAVmKVx5bkrggOWAhTWBc3J4qjcBwr1IfyLh/6YCg8sYRSR1GraldS9jUgJL/U4A==",
      "cpu": [
        "s390x"
      ],
      "dev": true,
      "license": "MIT",
      "optional": true,
      "os": [
        "linux"
      ],
      "engines": {
        "node": "^20.19.0 || >=22.12.0"
      }
    },
    "node_modules/@oxlint/binding-linux-x64-gnu": {
      "version": "1.51.0",
      "resolved": "https://registry.npmjs.org/@oxlint/binding-linux-x64-gnu/-/binding-linux-x64-gnu-1.51.0.tgz",
      "integrity": "sha512-e0Mz0DizsCoqNIjeOg6OUKe8JKJWZ5zZlwsd05Bmr51Jo3AOL4UJnPvwKumr4BBtBrDZkCmOLhCvDGm95nJM2g==",
      "cpu": [
        "x64"
      ],
      "dev": true,
      "license": "MIT",
      "optional": true,
      "os": [
        "linux"
      ],
      "engines": {
        "node": "^20.19.0 || >=22.12.0"
      }
    },
    "node_modules/@oxlint/binding-linux-x64-musl": {
      "version": "1.51.0",
      "resolved": "https://registry.npmjs.org/@oxlint/binding-linux-x64-musl/-/binding-linux-x64-musl-1.51.0.tgz",
      "integrity": "sha512-wD8HGTWhYBKXvRDvoBVB1y+fEYV01samhWQSy1Zkxq2vpezvMnjaFKRuiP6tBNITLGuffbNDEXOwcAhJ3gI5Ug==",
      "cpu": [
        "x64"
      ],
      "dev": true,
      "license": "MIT",
      "optional": true,
      "os": [
        "linux"
      ],
      "engines": {
        "node": "^20.19.0 || >=22.12.0"
      }
    },
    "node_modules/@oxlint/binding-openharmony-arm64": {
      "version": "1.51.0",
      "resolved": "https://registry.npmjs.org/@oxlint/binding-openharmony-arm64/-/binding-openharmony-arm64-1.51.0.tgz",
      "integrity": "sha512-5NSwQ2hDEJ0GPXqikjWtwzgAQCsS7P9aLMNenjjKa+gknN3lTCwwwERsT6lKXSirfU3jLjexA2XQvQALh5h27w==",
      "cpu": [
        "arm64"
      ],
      "dev": true,
      "license": "MIT",
      "optional": true,
      "os": [
        "openharmony"
      ],
      "engines": {
        "node": "^20.19.0 || >=22.12.0"
      }
    },
    "node_modules/@oxlint/binding-win32-arm64-msvc": {
      "version": "1.51.0",
      "resolved": "https://registry.npmjs.org/@oxlint/binding-win32-arm64-msvc/-/binding-win32-arm64-msvc-1.51.0.tgz",
      "integrity": "sha512-JEZyah1M0RHMw8d+jjSSJmSmO8sABA1J1RtrHYujGPeCkYg1NeH0TGuClpe2h5QtioRTaF57y/TZfn/2IFV6fA==",
      "cpu": [
        "arm64"
      ],
      "dev": true,
      "license": "MIT",
      "optional": true,
      "os": [
        "win32"
      ],
      "engines": {
        "node": "^20.19.0 || >=22.12.0"
      }
    },
    "node_modules/@oxlint/binding-win32-ia32-msvc": {
      "version": "1.51.0",
      "resolved": "https://registry.npmjs.org/@oxlint/binding-win32-ia32-msvc/-/binding-win32-ia32-msvc-1.51.0.tgz",
      "integrity": "sha512-q3cEoKH6kwjz/WRyHwSf0nlD2F5Qw536kCXvmlSu+kaShzgrA0ojmh45CA81qL+7udfCaZL2SdKCZlLiGBVFlg==",
      "cpu": [
        "ia32"
      ],
      "dev": true,
      "license": "MIT",
      "optional": true,
      "os": [
        "win32"
      ],
      "engines": {
        "node": "^20.19.0 || >=22.12.0"
      }
    },
    "node_modules/@oxlint/binding-win32-x64-msvc": {
      "version": "1.51.0",
      "resolved": "https://registry.npmjs.org/@oxlint/binding-win32-x64-msvc/-/binding-win32-x64-msvc-1.51.0.tgz",
      "integrity": "sha512-Q14+fOGb9T28nWF/0EUsYqERiRA7cl1oy4TJrGmLaqhm+aO2cV+JttboHI3CbdeMCAyDI1+NoSlrM7Melhp/cw==",
      "cpu": [
        "x64"
      ],
      "dev": true,
      "license": "MIT",
      "optional": true,
      "os": [
        "win32"
      ],
      "engines": {
        "node": "^20.19.0 || >=22.12.0"
      }
    },
    "node_modules/@std/expect": {
      "name": "@jsr/std__expect",
      "version": "1.0.18",
      "resolved": "https://npm.jsr.io/~/11/@jsr/std__expect/1.0.18.tgz",
      "integrity": "sha512-Ct+xcCSlfA7X0zhKjCAAIdQYDFVuQq+62RxbCCDUr4A417x4BTdYB2vIcu+sXqbkXdBIddAq0QZiVrgp5xsNaw==",
      "dev": true,
      "dependencies": {
        "@jsr/std__assert": "^1.0.19",
        "@jsr/std__internal": "^1.0.12",
        "@jsr/std__path": "^1.1.4"
      }
    },
    "node_modules/@types/node": {
      "version": "22.19.15",
      "resolved": "https://registry.npmjs.org/@types/node/-/node-22.19.15.tgz",
      "integrity": "sha512-F0R/h2+dsy5wJAUe3tAU6oqa2qbWY5TpNfL/RGmo1y38hiyO1w3x2jPtt76wmuaJI4DQnOBu21cNXQ2STIUUWg==",
      "dev": true,
      "license": "MIT",
      "dependencies": {
        "undici-types": "~6.21.0"
      }
    },
    "node_modules/acorn": {
      "version": "8.16.0",
      "resolved": "https://registry.npmjs.org/acorn/-/acorn-8.16.0.tgz",
      "integrity": "sha512-UVJyE9MttOsBQIDKw1skb9nAwQuR5wuGD3+82K6JgJlm/Y+KI92oNsMNGZCYdDsVtRHSak0pcV5Dno5+4jh9sw==",
      "license": "MIT",
      "bin": {
        "acorn": "bin/acorn"
      },
      "engines": {
        "node": ">=0.4.0"
      }
    },
    "node_modules/argparse": {
      "version": "1.0.10",
      "resolved": "https://registry.npmjs.org/argparse/-/argparse-1.0.10.tgz",
      "integrity": "sha512-o5Roy6tNG4SL/FOkCAN6RzjiakZS25RLYFrcMttJqbdd8BWrnA+fGz57iN5Pb06pvBGvl5gQ0B48dJlslXvoTg==",
      "license": "MIT",
      "dependencies": {
        "sprintf-js": "~1.0.2"
      }
    },
    "node_modules/cross-spawn": {
      "version": "7.0.6",
      "resolved": "https://registry.npmjs.org/cross-spawn/-/cross-spawn-7.0.6.tgz",
      "integrity": "sha512-uV2QOWP2nWzsy2aMp8aRibhi9dlzF5Hgh5SHaB9OiTGEyDTiJJyx0uy51QXdyWbtAHNua4XJzUKca3OzKUd3vA==",
      "license": "MIT",
      "dependencies": {
        "path-key": "^3.1.0",
        "shebang-command": "^2.0.0",
        "which": "^2.0.1"
      },
      "engines": {
        "node": ">= 8"
      }
    },
    "node_modules/ctrlc-windows": {
      "version": "2.2.0",
      "resolved": "https://registry.npmjs.org/ctrlc-windows/-/ctrlc-windows-2.2.0.tgz",
      "integrity": "sha512-t9y568r+T8FUuBaqKK60YGFJdj3b3ktdJW9WXIT3CuBdQhAOYdSZu75jFUN0Ay4Yz5HHicVQqAYCwcnqhOn23g==",
      "license": "MIT"
    },
    "node_modules/effection": {
      "version": "4.1.0-alpha.7",
      "resolved": "https://registry.npmjs.org/effection/-/effection-4.1.0-alpha.7.tgz",
      "integrity": "sha512-ir7qM7vQXOo7eiuNxaD6FgwUetdy3XMB3dwtzUxp9ytiZl6abZUrXwM3vMqKWdMW4cW1KZzJqSEuXofJFscwFw==",
      "license": "MIT",
      "engines": {
        "node": ">= 16"
      }
    },
    "node_modules/esprima": {
      "version": "4.0.1",
      "resolved": "https://registry.npmjs.org/esprima/-/esprima-4.0.1.tgz",
      "integrity": "sha512-eGuFFw7Upda+g4p+QHvnW0RyTX/SVeJBDM/gCtMARO0cLuT2HcEKnTPvhjV6aGeqrCB/sbNop0Kszm0jsaWU4A==",
      "license": "BSD-2-Clause",
      "bin": {
        "esparse": "bin/esparse.js",
        "esvalidate": "bin/esvalidate.js"
      },
      "engines": {
        "node": ">=4"
      }
    },
    "node_modules/extend-shallow": {
      "version": "2.0.1",
      "resolved": "https://registry.npmjs.org/extend-shallow/-/extend-shallow-2.0.1.tgz",
      "integrity": "sha512-zCnTtlxNoAiDc3gqY2aYAWFx7XWWiasuF2K8Me5WbN8otHKTUKBwjPtNpRs/rbUZm7KxWAaNj7P1a/p52GbVug==",
      "license": "MIT",
      "dependencies": {
        "is-extendable": "^0.1.0"
      },
      "engines": {
        "node": ">=0.10.0"
      }
    },
    "node_modules/fastq": {
      "version": "1.20.1",
      "resolved": "https://registry.npmjs.org/fastq/-/fastq-1.20.1.tgz",
      "integrity": "sha512-GGToxJ/w1x32s/D2EKND7kTil4n8OVk/9mycTc4VDza13lOvpUZTGX3mFSCtV9ksdGBVzvsyAVLM6mHFThxXxw==",
      "license": "ISC",
      "dependencies": {
        "reusify": "^1.0.4"
      }
    },
    "node_modules/gray-matter": {
      "version": "4.0.3",
      "resolved": "https://registry.npmjs.org/gray-matter/-/gray-matter-4.0.3.tgz",
      "integrity": "sha512-5v6yZd4JK3eMI3FqqCouswVqwugaA9r4dNZB1wwcmrD02QkV5H0y7XBQW8QwQqEaZY1pM9aqORSORhJRdNK44Q==",
      "license": "MIT",
      "dependencies": {
        "js-yaml": "^3.13.1",
        "kind-of": "^6.0.2",
        "section-matter": "^1.0.0",
        "strip-bom-string": "^1.0.0"
      },
      "engines": {
        "node": ">=6.0"
      }
    },
    "node_modules/is-extendable": {
      "version": "0.1.1",
      "resolved": "https://registry.npmjs.org/is-extendable/-/is-extendable-0.1.1.tgz",
      "integrity": "sha512-5BMULNob1vgFX6EjQw5izWDxrecWK9AM72rugNr0TFldMOi0fj6Jk+zeKIt0xGj4cEfQIJth4w3OKWOJ4f+AFw==",
      "license": "MIT",
      "engines": {
        "node": ">=0.10.0"
      }
    },
    "node_modules/isexe": {
      "version": "2.0.0",
      "resolved": "https://registry.npmjs.org/isexe/-/isexe-2.0.0.tgz",
      "integrity": "sha512-RHxMLp9lnKHGHRng9QFhRCMbYAcVpn69smSGcq3f36xjgVVWThj4qqLbTLlq7Ssj8B+fIQ1EuCEGI2lKsyQeIw==",
      "license": "ISC"
    },
    "node_modules/js-yaml": {
      "version": "3.14.2",
      "resolved": "https://registry.npmjs.org/js-yaml/-/js-yaml-3.14.2.tgz",
      "integrity": "sha512-PMSmkqxr106Xa156c2M265Z+FTrPl+oxd/rgOQy2tijQeK5TxQ43psO1ZCwhVOSdnn+RzkzlRz/eY4BgJBYVpg==",
      "license": "MIT",
      "dependencies": {
        "argparse": "^1.0.7",
        "esprima": "^4.0.0"
      },
      "bin": {
        "js-yaml": "bin/js-yaml.js"
      }
    },
    "node_modules/kind-of": {
      "version": "6.0.3",
      "resolved": "https://registry.npmjs.org/kind-of/-/kind-of-6.0.3.tgz",
      "integrity": "sha512-dcS1ul+9tmeD95T+x28/ehLgd9mENa3LsvDTtzm3vyBEO7RPptvAD+t44WVXaUjTBRcrpFeFlC8WCruUR456hw==",
      "license": "MIT",
      "engines": {
        "node": ">=0.10.0"
      }
    },
    "node_modules/magic-string": {
      "version": "0.30.21",
      "resolved": "https://registry.npmjs.org/magic-string/-/magic-string-0.30.21.tgz",
      "integrity": "sha512-vd2F4YUyEXKGcLHoq+TEyCjxueSeHnFxyyjNp80yg0XV4vUhnDer/lvvlqM/arB5bXQN5K2/3oinyCRyx8T2CQ==",
      "license": "MIT",
      "dependencies": {
        "@jridgewell/sourcemap-codec": "^1.5.5"
      }
    },
    "node_modules/oxlint": {
      "version": "1.51.0",
      "resolved": "https://registry.npmjs.org/oxlint/-/oxlint-1.51.0.tgz",
      "integrity": "sha512-g6DNPaV9/WI9MoX2XllafxQuxwY1TV++j7hP8fTJByVBuCoVtm3dy9f/2vtH/HU40JztcgWF4G7ua+gkainklQ==",
      "dev": true,
      "license": "MIT",
      "bin": {
        "oxlint": "bin/oxlint"
      },
      "engines": {
        "node": "^20.19.0 || >=22.12.0"
      },
      "funding": {
        "url": "https://github.com/sponsors/Boshen"
      },
      "optionalDependencies": {
        "@oxlint/binding-android-arm-eabi": "1.51.0",
        "@oxlint/binding-android-arm64": "1.51.0",
        "@oxlint/binding-darwin-arm64": "1.51.0",
        "@oxlint/binding-darwin-x64": "1.51.0",
        "@oxlint/binding-freebsd-x64": "1.51.0",
        "@oxlint/binding-linux-arm-gnueabihf": "1.51.0",
        "@oxlint/binding-linux-arm-musleabihf": "1.51.0",
        "@oxlint/binding-linux-arm64-gnu": "1.51.0",
        "@oxlint/binding-linux-arm64-musl": "1.51.0",
        "@oxlint/binding-linux-ppc64-gnu": "1.51.0",
        "@oxlint/binding-linux-riscv64-gnu": "1.51.0",
        "@oxlint/binding-linux-riscv64-musl": "1.51.0",
        "@oxlint/binding-linux-s390x-gnu": "1.51.0",
        "@oxlint/binding-linux-x64-gnu": "1.51.0",
        "@oxlint/binding-linux-x64-musl": "1.51.0",
        "@oxlint/binding-openharmony-arm64": "1.51.0",
        "@oxlint/binding-win32-arm64-msvc": "1.51.0",
        "@oxlint/binding-win32-ia32-msvc": "1.51.0",
        "@oxlint/binding-win32-x64-msvc": "1.51.0"
      },
      "peerDependencies": {
        "oxlint-tsgolint": ">=0.15.0"
      },
      "peerDependenciesMeta": {
        "oxlint-tsgolint": {
          "optional": true
        }
      }
    },
    "node_modules/path-key": {
      "version": "3.1.1",
      "resolved": "https://registry.npmjs.org/path-key/-/path-key-3.1.1.tgz",
      "integrity": "sha512-ojmeN0qd+y0jszEtoY48r0Peq5dwMEkIlCOu6Q5f41lfkswXuKtYrhgoTpLnyIcHm24Uhqx+5Tqm2InSwLhE6Q==",
      "license": "MIT",
      "engines": {
        "node": ">=8"
      }
    },
    "node_modules/remend": {
      "version": "1.2.2",
      "resolved": "https://registry.npmjs.org/remend/-/remend-1.2.2.tgz",
      "integrity": "sha512-4ZJgIB9EG9fQE41mOJCRHMmnxDTKHWawQoJWZyUbZuj680wVyogu2ihnj8Edqm7vh2mo/TWHyEZpn2kqeDvS7w==",
      "license": "Apache-2.0"
    },
    "node_modules/reusify": {
      "version": "1.1.0",
      "resolved": "https://registry.npmjs.org/reusify/-/reusify-1.1.0.tgz",
      "integrity": "sha512-g6QUff04oZpHs0eG5p83rFLhHeV00ug/Yf9nZM6fLeUrPguBTkTQOdpAWWspMh55TZfVQDPaN3NQJfbVRAxdIw==",
      "license": "MIT",
      "engines": {
        "iojs": ">=1.0.0",
        "node": ">=0.10.0"
      }
    },
    "node_modules/section-matter": {
      "version": "1.0.0",
      "resolved": "https://registry.npmjs.org/section-matter/-/section-matter-1.0.0.tgz",
      "integrity": "sha512-vfD3pmTzGpufjScBh50YHKzEu2lxBWhVEHsNGoEXmCmn2hKGfeNLYMzCJpe8cD7gqX7TJluOVpBkAequ6dgMmA==",
      "license": "MIT",
      "dependencies": {
        "extend-shallow": "^2.0.1",
        "kind-of": "^6.0.0"
      },
      "engines": {
        "node": ">=4"
      }
    },
    "node_modules/shebang-command": {
      "version": "2.0.0",
      "resolved": "https://registry.npmjs.org/shebang-command/-/shebang-command-2.0.0.tgz",
      "integrity": "sha512-kHxr2zZpYtdmrN1qDjrrX/Z1rR1kG8Dx+gkpK1G4eXmvXswmcE1hTWBWYUzlraYw1/yZp6YuDY77YtvbN0dmDA==",
      "license": "MIT",
      "dependencies": {
        "shebang-regex": "^3.0.0"
      },
      "engines": {
        "node": ">=8"
      }
    },
    "node_modules/shebang-regex": {
      "version": "3.0.0",
      "resolved": "https://registry.npmjs.org/shebang-regex/-/shebang-regex-3.0.0.tgz",
      "integrity": "sha512-7++dFhtcx3353uBaq8DDR4NuxBetBzC7ZQOhmTQInHEd6bSrXdiEyzCvG07Z44UYdLShWUyXt5M/yhz8ekcb1A==",
      "license": "MIT",
      "engines": {
        "node": ">=8"
      }
    },
    "node_modules/shellwords-ts": {
      "version": "3.0.1",
      "resolved": "https://registry.npmjs.org/shellwords-ts/-/shellwords-ts-3.0.1.tgz",
      "integrity": "sha512-GabK4ApLMqHFRGlpgNqg8dmtHTnYHt0WUUJkIeMd3QaDrUUBEDXHSSNi3I0PzMimg8W+I0EN4TshQxsnHv1cwg==",
      "license": "MIT"
    },
    "node_modules/sprintf-js": {
      "version": "1.0.3",
      "resolved": "https://registry.npmjs.org/sprintf-js/-/sprintf-js-1.0.3.tgz",
      "integrity": "sha512-D9cPgkvLlV3t3IzL0D0YLvGA9Ahk4PcvVwUbN0dSGr1aP0Nrt4AEnTUbuGvquEC0mA64Gqt1fzirlRs5ibXx8g==",
      "license": "BSD-3-Clause"
    },
    "node_modules/strip-bom-string": {
      "version": "1.0.0",
      "resolved": "https://registry.npmjs.org/strip-bom-string/-/strip-bom-string-1.0.0.tgz",
      "integrity": "sha512-uCC2VHvQRYu+lMh4My/sFNmF2klFymLX1wHJeXnbEJERpV/ZsVuonzerjfrGpIGF7LBVa1O7i9kjiWvJiFck8g==",
      "license": "MIT",
      "engines": {
        "node": ">=0.10.0"
      }
    },
    "node_modules/typescript": {
      "version": "5.9.3",
      "resolved": "https://registry.npmjs.org/typescript/-/typescript-5.9.3.tgz",
      "integrity": "sha512-jl1vZzPDinLr9eUt3J/t7V6FgNEw9QjvBPdysz9KfQDD41fQrC2Y4vKQdiaUpFT4bXlb1RHhLpp8wtm6M5TgSw==",
      "dev": true,
      "license": "Apache-2.0",
      "bin": {
        "tsc": "bin/tsc",
        "tsserver": "bin/tsserver"
      },
      "engines": {
        "node": ">=14.17"
      }
    },
    "node_modules/undici-types": {
      "version": "6.21.0",
      "resolved": "https://registry.npmjs.org/undici-types/-/undici-types-6.21.0.tgz",
      "integrity": "sha512-iwDZqg0QAGrg9Rav5H4n0M64c3mkR59cJ6wQp+7C4nI0gsmExaedaYLNO44eT4AtBBwjbTiGPMlt2Md0T9H9JQ==",
      "dev": true,
      "license": "MIT"
    },
    "node_modules/which": {
      "version": "2.0.2",
      "resolved": "https://registry.npmjs.org/which/-/which-2.0.2.tgz",
      "integrity": "sha512-BLI3Tl1TW3Pvl70l3yq3Y64i+awpwXqsGBYWkkqMtnbXgrMD+yj7rhW0kuEDxzJaYXGjEW5ogapKNMEKNMjibA==",
      "license": "ISC",
      "dependencies": {
        "isexe": "^2.0.0"
      },
      "bin": {
        "node-which": "bin/node-which"
      },
      "engines": {
        "node": ">= 8"
      }
    }
  }
}
